
Microsoft Visual Studio Solution File, Format Version 12.00
# Visual Studio 15
VisualStudioVersion = 15.0.28010.2016
MinimumVisualStudioVersion = 10.0.40219.1
Project("{FAE04EC0-301F-11D3-BF4B-00C04F79EFBC}") = "Assembly-CSharp", "Assembly-CSharp.csproj", "{E7EF2580-F36C-E12B-DFBF-F290956F7040}"
EndProject
Global
	GlobalSection(SolutionConfigurationPlatforms) = preSolution
		Debug|Any CPU = Debug|Any CPU
		Release|Any CPU = Release|Any CPU
	EndGlobalSection
	GlobalSection(ProjectConfigurationPlatforms) = postSolution
		{E7EF2580-F36C-E12B-DFBF-F290956F7040}.Debug|Any CPU.ActiveCfg = Debug|Any CPU
		{E7EF2580-F36C-E12B-DFBF-F290956F7040}.Debug|Any CPU.Build.0 = Debug|Any CPU
		{E7EF2580-F36C-E12B-DFBF-F290956F7040}.Release|Any CPU.ActiveCfg = Release|Any CPU
		{E7EF2580-F36C-E12B-DFBF-F290956F7040}.Release|Any CPU.Build.0 = Release|Any CPU
	EndGlobalSection
	GlobalSection(SolutionProperties) = preSolution
		HideSolutionNode = FALSE
	EndGlobalSection
	GlobalSection(ExtensibilityGlobals) = postSolution
		SolutionGuid = {2E48FF6D-429D-485A-B1FC-3FD9F30606C6}
	EndGlobalSection
EndGlobal
